
Microsoft Visual Studio Solution File, Format Version 12.00
# Visual Studio Version 16
VisualStudioVersion = 16.0.30709.132
MinimumVisualStudioVersion = 10.0.40219.1
Project("{9A19103F-16F7-4668-BE54-9A1E7A4F7556}") = "AzureHealthAlertProcessingSystem", "FunctionApp1\AzureHealthAlertProcessingSystem.csproj", "{C22D616A-85CB-4A97-8F04-A51934B1111B}"
EndProject
Project("{9A19103F-16F7-4668-BE54-9A1E7A4F7556}") = "AzureRealtimeUpdatesProcessingSystem", "AzureRealtimeUpdatesProcessingSystem\AzureRealtimeUpdatesProcessingSystem.csproj", "{45D0658C-5270-45C8-9007-E12D24B52B29}"
EndProject
Global
	GlobalSection(SolutionConfigurationPlatforms) = preSolution
		Debug|Any CPU = Debug|Any CPU
		Release|Any CPU = Release|Any CPU
	EndGlobalSection
	GlobalSection(ProjectConfigurationPlatforms) = postSolution
		{C22D616A-85CB-4A97-8F04-A51934B1111B}.Debug|Any CPU.ActiveCfg = Debug|Any CPU
		{C22D616A-85CB-4A97-8F04-A51934B1111B}.Debug|Any CPU.Build.0 = Debug|Any CPU
		{C22D616A-85CB-4A97-8F04-A51934B1111B}.Release|Any CPU.ActiveCfg = Release|Any CPU
		{C22D616A-85CB-4A97-8F04-A51934B1111B}.Release|Any CPU.Build.0 = Release|Any CPU
		{45D0658C-5270-45C8-9007-E12D24B52B29}.Debug|Any CPU.ActiveCfg = Debug|Any CPU
		{45D0658C-5270-45C8-9007-E12D24B52B29}.Debug|Any CPU.Build.0 = Debug|Any CPU
		{45D0658C-5270-45C8-9007-E12D24B52B29}.Release|Any CPU.ActiveCfg = Release|Any CPU
		{45D0658C-5270-45C8-9007-E12D24B52B29}.Release|Any CPU.Build.0 = Release|Any CPU
	EndGlobalSection
	GlobalSection(SolutionProperties) = preSolution
		HideSolutionNode = FALSE
	EndGlobalSection
	GlobalSection(ExtensibilityGlobals) = postSolution
		SolutionGuid = {80C3F9ED-4893-4CA0-BCAD-4C4A05CD3566}
	EndGlobalSection
EndGlobal
